
Microsoft Visual Studio Solution File, Format Version 12.00
# Visual Studio 15
VisualStudioVersion = 15.0.28307.705
MinimumVisualStudioVersion = 10.0.40219.1
Project("{2150E333-8FDC-42A3-9474-1A3956D46DE8}") = "SimpleFactory", "SimpleFactory", "{6D6BE99D-EF7C-4CA9-A3CC-D4557297690F}"
EndProject
Project("{FAE04EC0-301F-11D3-BF4B-00C04F79EFBC}") = "SimpleFactory", "SimpleFactory\SimpleFactory.csproj", "{CC151989-DE9B-4E0F-8966-405531604010}"
EndProject
Project("{2150E333-8FDC-42A3-9474-1A3956D46DE8}") = "StatePattern", "StatePattern", "{CB83F59A-96E1-4D7F-A4FC-044A74CE8D71}"
EndProject
Project("{9A19103F-16F7-4668-BE54-9A1E7A4F7556}") = "NUnitTestProject1", "NUnitTestProject1\NUnitTestProject1.csproj", "{09DB523A-F261-4559-AD8C-2A738F654A2D}"
EndProject
Project("{FAE04EC0-301F-11D3-BF4B-00C04F79EFBC}") = "StatePattern", "StatePattern\StatePattern.csproj", "{33D68F74-B0B6-48A2-AB90-516840839EBF}"
EndProject
Global
	GlobalSection(SolutionConfigurationPlatforms) = preSolution
		Debug|Any CPU = Debug|Any CPU
		Release|Any CPU = Release|Any CPU
	EndGlobalSection
	GlobalSection(ProjectConfigurationPlatforms) = postSolution
		{CC151989-DE9B-4E0F-8966-405531604010}.Debug|Any CPU.ActiveCfg = Debug|Any CPU
		{CC151989-DE9B-4E0F-8966-405531604010}.Debug|Any CPU.Build.0 = Debug|Any CPU
		{CC151989-DE9B-4E0F-8966-405531604010}.Release|Any CPU.ActiveCfg = Release|Any CPU
		{CC151989-DE9B-4E0F-8966-405531604010}.Release|Any CPU.Build.0 = Release|Any CPU
		{09DB523A-F261-4559-AD8C-2A738F654A2D}.Debug|Any CPU.ActiveCfg = Debug|Any CPU
		{09DB523A-F261-4559-AD8C-2A738F654A2D}.Debug|Any CPU.Build.0 = Debug|Any CPU
		{09DB523A-F261-4559-AD8C-2A738F654A2D}.Release|Any CPU.ActiveCfg = Release|Any CPU
		{09DB523A-F261-4559-AD8C-2A738F654A2D}.Release|Any CPU.Build.0 = Release|Any CPU
		{33D68F74-B0B6-48A2-AB90-516840839EBF}.Debug|Any CPU.ActiveCfg = Debug|Any CPU
		{33D68F74-B0B6-48A2-AB90-516840839EBF}.Debug|Any CPU.Build.0 = Debug|Any CPU
		{33D68F74-B0B6-48A2-AB90-516840839EBF}.Release|Any CPU.ActiveCfg = Release|Any CPU
		{33D68F74-B0B6-48A2-AB90-516840839EBF}.Release|Any CPU.Build.0 = Release|Any CPU
	EndGlobalSection
	GlobalSection(SolutionProperties) = preSolution
		HideSolutionNode = FALSE
	EndGlobalSection
	GlobalSection(NestedProjects) = preSolution
		{CC151989-DE9B-4E0F-8966-405531604010} = {6D6BE99D-EF7C-4CA9-A3CC-D4557297690F}
		{33D68F74-B0B6-48A2-AB90-516840839EBF} = {CB83F59A-96E1-4D7F-A4FC-044A74CE8D71}
	EndGlobalSection
	GlobalSection(ExtensibilityGlobals) = postSolution
		SolutionGuid = {3B21C6A5-7495-4D48-AF2C-B2E9510955C1}
	EndGlobalSection
EndGlobal
